// !$*UTF8*$!
{
	archiveVersion = 1;
	classes = {
	};
	objectVersion = 46;
	objects = {

/* Begin PBXBuildFile section */
		9904479219C67FF60062A524 /* BannerAdView.m in Sources */ = {isa = PBXBuildFile; fileRef = 9904478F19C67FF60062A524 /* BannerAdView.m */; };
		9904479319C67FF60062A524 /* M2BannerLifeManager.m in Sources */ = {isa = PBXBuildFile; fileRef = 9904479119C67FF60062A524 /* M2BannerLifeManager.m */; };
		9904479619C680380062A524 /* M2SAAWindow.m in Sources */ = {isa = PBXBuildFile; fileRef = 9904479519C680380062A524 /* M2SAAWindow.m */; };
		997C490219C80A9A0008B030 /* LoadingAdViewAdapter.m in Sources */ = {isa = PBXBuildFile; fileRef = 997C48FF19C80A9A0008B030 /* LoadingAdViewAdapter.m */; };
		997C490319C80A9A0008B030 /* M2LoadingAdView.m in Sources */ = {isa = PBXBuildFile; fileRef = 997C490119C80A9A0008B030 /* M2LoadingAdView.m */; };
		9982CFCA19C290B700455257 /* Foundation.framework in Frameworks */ = {isa = PBXBuildFile; fileRef = 9982CFC919C290B700455257 /* Foundation.framework */; };
		9982CFCC19C290B700455257 /* CoreGraphics.framework in Frameworks */ = {isa = PBXBuildFile; fileRef = 9982CFCB19C290B700455257 /* CoreGraphics.framework */; };
		9982CFCE19C290B700455257 /* UIKit.framework in Frameworks */ = {isa = PBXBuildFile; fileRef = 9982CFCD19C290B700455257 /* UIKit.framework */; };
		9982CFD419C290B800455257 /* InfoPlist.strings in Resources */ = {isa = PBXBuildFile; fileRef = 9982CFD219C290B700455257 /* InfoPlist.strings */; };
		9982CFD619C290B800455257 /* main.m in Sources */ = {isa = PBXBuildFile; fileRef = 9982CFD519C290B800455257 /* main.m */; };
		9982CFDA19C290B800455257 /* AppDelegate.m in Sources */ = {isa = PBXBuildFile; fileRef = 9982CFD919C290B800455257 /* AppDelegate.m */; };
		9982CFDC19C290B800455257 /* Images.xcassets in Resources */ = {isa = PBXBuildFile; fileRef = 9982CFDB19C290B800455257 /* Images.xcassets */; };
		9982CFE319C290B800455257 /* XCTest.framework in Frameworks */ = {isa = PBXBuildFile; fileRef = 9982CFE219C290B800455257 /* XCTest.framework */; };
		9982CFE419C290B800455257 /* Foundation.framework in Frameworks */ = {isa = PBXBuildFile; fileRef = 9982CFC919C290B700455257 /* Foundation.framework */; };
		9982CFE519C290B800455257 /* UIKit.framework in Frameworks */ = {isa = PBXBuildFile; fileRef = 9982CFCD19C290B700455257 /* UIKit.framework */; };
		9982CFED19C290B800455257 /* InfoPlist.strings in Resources */ = {isa = PBXBuildFile; fileRef = 9982CFEB19C290B800455257 /* InfoPlist.strings */; };
		9982CFEF19C290B800455257 /* M2SettingAndAdTests.m in Sources */ = {isa = PBXBuildFile; fileRef = 9982CFEE19C290B800455257 /* M2SettingAndAdTests.m */; };
		9982CFFA19C2914300455257 /* RootViewController.m in Sources */ = {isa = PBXBuildFile; fileRef = 9982CFF919C2914300455257 /* RootViewController.m */; };
		9982CFFD19C2916800455257 /* _tempViewController.m in Sources */ = {isa = PBXBuildFile; fileRef = 9982CFFC19C2916800455257 /* _tempViewController.m */; };
		9982D00319C2933100455257 /* M2VersionUpdateManager.m in Sources */ = {isa = PBXBuildFile; fileRef = 9982D00219C2933100455257 /* M2VersionUpdateManager.m */; };
		9982D00619C2933D00455257 /* VersionUpdateAdapter.m in Sources */ = {isa = PBXBuildFile; fileRef = 9982D00519C2933D00455257 /* VersionUpdateAdapter.m */; };
		9982D01419C2D6AC00455257 /* M2RatingRemindManager.m in Sources */ = {isa = PBXBuildFile; fileRef = 9982D01119C2D6AC00455257 /* M2RatingRemindManager.m */; };
		9982D01519C2D6AC00455257 /* RatingRemindAdapter.m in Sources */ = {isa = PBXBuildFile; fileRef = 9982D01319C2D6AC00455257 /* RatingRemindAdapter.m */; };
/* End PBXBuildFile section */

/* Begin PBXContainerItemProxy section */
		9982CFE619C290B800455257 /* PBXContainerItemProxy */ = {
			isa = PBXContainerItemProxy;
			containerPortal = 9982CFBE19C290B700455257 /* Project object */;
			proxyType = 1;
			remoteGlobalIDString = 9982CFC519C290B700455257;
			remoteInfo = M2SettingAndAd;
		};
/* End PBXContainerItemProxy section */

/* Begin PBXFileReference section */
		9904478E19C67FF60062A524 /* BannerAdView.h */ = {isa = PBXFileReference; fileEncoding = 4; lastKnownFileType = sourcecode.c.h; path = BannerAdView.h; sourceTree = "<group>"; };
		9904478F19C67FF60062A524 /* BannerAdView.m */ = {isa = PBXFileReference; fileEncoding = 4; lastKnownFileType = sourcecode.c.objc; path = BannerAdView.m; sourceTree = "<group>"; };
		9904479019C67FF60062A524 /* M2BannerLifeManager.h */ = {isa = PBXFileReference; fileEncoding = 4; lastKnownFileType = sourcecode.c.h; path = M2BannerLifeManager.h; sourceTree = "<group>"; };
		9904479119C67FF60062A524 /* M2BannerLifeManager.m */ = {isa = PBXFileReference; fileEncoding = 4; lastKnownFileType = sourcecode.c.objc; path = M2BannerLifeManager.m; sourceTree = "<group>"; };
		9904479419C680380062A524 /* M2SAAWindow.h */ = {isa = PBXFileReference; fileEncoding = 4; lastKnownFileType = sourcecode.c.h; path = M2SAAWindow.h; sourceTree = "<group>"; };
		9904479519C680380062A524 /* M2SAAWindow.m */ = {isa = PBXFileReference; fileEncoding = 4; lastKnownFileType = sourcecode.c.objc; path = M2SAAWindow.m; sourceTree = "<group>"; };
		997C48FE19C80A9A0008B030 /* LoadingAdViewAdapter.h */ = {isa = PBXFileReference; fileEncoding = 4; lastKnownFileType = sourcecode.c.h; path = LoadingAdViewAdapter.h; sourceTree = "<group>"; };
		997C48FF19C80A9A0008B030 /* LoadingAdViewAdapter.m */ = {isa = PBXFileReference; fileEncoding = 4; lastKnownFileType = sourcecode.c.objc; path = LoadingAdViewAdapter.m; sourceTree = "<group>"; };
		997C490019C80A9A0008B030 /* M2LoadingAdView.h */ = {isa = PBXFileReference; fileEncoding = 4; lastKnownFileType = sourcecode.c.h; path = M2LoadingAdView.h; sourceTree = "<group>"; };
		997C490119C80A9A0008B030 /* M2LoadingAdView.m */ = {isa = PBXFileReference; fileEncoding = 4; lastKnownFileType = sourcecode.c.objc; path = M2LoadingAdView.m; sourceTree = "<group>"; };
		9982CFC619C290B700455257 /* M2SettingAndAd.app */ = {isa = PBXFileReference; explicitFileType = wrapper.application; includeInIndex = 0; path = M2SettingAndAd.app; sourceTree = BUILT_PRODUCTS_DIR; };
		9982CFC919C290B700455257 /* Foundation.framework */ = {isa = PBXFileReference; lastKnownFileType = wrapper.framework; name = Foundation.framework; path = System/Library/Frameworks/Foundation.framework; sourceTree = SDKROOT; };
		9982CFCB19C290B700455257 /* CoreGraphics.framework */ = {isa = PBXFileReference; lastKnownFileType = wrapper.framework; name = CoreGraphics.framework; path = System/Library/Frameworks/CoreGraphics.framework; sourceTree = SDKROOT; };
		9982CFCD19C290B700455257 /* UIKit.framework */ = {isa = PBXFileReference; lastKnownFileType = wrapper.framework; name = UIKit.framework; path = System/Library/Frameworks/UIKit.framework; sourceTree = SDKROOT; };
		9982CFD119C290B700455257 /* M2SettingAndAd-Info.plist */ = {isa = PBXFileReference; lastKnownFileType = text.plist.xml; path = "M2SettingAndAd-Info.plist"; sourceTree = "<group>"; };
		9982CFD319C290B700455257 /* en */ = {isa = PBXFileReference; lastKnownFileType = text.plist.strings; name = en; path = en.lproj/InfoPlist.strings; sourceTree = "<group>"; };
		9982CFD519C290B800455257 /* main.m */ = {isa = PBXFileReference; lastKnownFileType = sourcecode.c.objc; path = main.m; sourceTree = "<group>"; };
		9982CFD719C290B800455257 /* M2SettingAndAd-Prefix.pch */ = {isa = PBXFileReference; lastKnownFileType = sourcecode.c.h; path = "M2SettingAndAd-Prefix.pch"; sourceTree = "<group>"; };
		9982CFD819C290B800455257 /* AppDelegate.h */ = {isa = PBXFileReference; lastKnownFileType = sourcecode.c.h; path = AppDelegate.h; sourceTree = "<group>"; };
		9982CFD919C290B800455257 /* AppDelegate.m */ = {isa = PBXFileReference; lastKnownFileType = sourcecode.c.objc; path = AppDelegate.m; sourceTree = "<group>"; };
		9982CFDB19C290B800455257 /* Images.xcassets */ = {isa = PBXFileReference; lastKnownFileType = folder.assetcatalog; path = Images.xcassets; sourceTree = "<group>"; };
		9982CFE119C290B800455257 /* M2SettingAndAdTests.xctest */ = {isa = PBXFileReference; explicitFileType = wrapper.cfbundle; includeInIndex = 0; path = M2SettingAndAdTests.xctest; sourceTree = BUILT_PRODUCTS_DIR; };
		9982CFE219C290B800455257 /* XCTest.framework */ = {isa = PBXFileReference; lastKnownFileType = wrapper.framework; name = XCTest.framework; path = Library/Frameworks/XCTest.framework; sourceTree = DEVELOPER_DIR; };
		9982CFEA19C290B800455257 /* M2SettingAndAdTests-Info.plist */ = {isa = PBXFileReference; lastKnownFileType = text.plist.xml; path = "M2SettingAndAdTests-Info.plist"; sourceTree = "<group>"; };
		9982CFEC19C290B800455257 /* en */ = {isa = PBXFileReference; lastKnownFileType = text.plist.strings; name = en; path = en.lproj/InfoPlist.strings; sourceTree = "<group>"; };
		9982CFEE19C290B800455257 /* M2SettingAndAdTests.m */ = {isa = PBXFileReference; lastKnownFileType = sourcecode.c.objc; path = M2SettingAndAdTests.m; sourceTree = "<group>"; };
		9982CFF819C2914300455257 /* RootViewController.h */ = {isa = PBXFileReference; fileEncoding = 4; lastKnownFileType = sourcecode.c.h; path = RootViewController.h; sourceTree = "<group>"; };
		9982CFF919C2914300455257 /* RootViewController.m */ = {isa = PBXFileReference; fileEncoding = 4; lastKnownFileType = sourcecode.c.objc; path = RootViewController.m; sourceTree = "<group>"; };
		9982CFFB19C2916800455257 /* _tempViewController.h */ = {isa = PBXFileReference; fileEncoding = 4; lastKnownFileType = sourcecode.c.h; path = _tempViewController.h; sourceTree = "<group>"; };
		9982CFFC19C2916800455257 /* _tempViewController.m */ = {isa = PBXFileReference; fileEncoding = 4; lastKnownFileType = sourcecode.c.objc; path = _tempViewController.m; sourceTree = "<group>"; };
		9982D00119C2933100455257 /* M2VersionUpdateManager.h */ = {isa = PBXFileReference; fileEncoding = 4; lastKnownFileType = sourcecode.c.h; path = M2VersionUpdateManager.h; sourceTree = "<group>"; };
		9982D00219C2933100455257 /* M2VersionUpdateManager.m */ = {isa = PBXFileReference; fileEncoding = 4; lastKnownFileType = sourcecode.c.objc; path = M2VersionUpdateManager.m; sourceTree = "<group>"; };
		9982D00419C2933D00455257 /* VersionUpdateAdapter.h */ = {isa = PBXFileReference; fileEncoding = 4; lastKnownFileType = sourcecode.c.h; path = VersionUpdateAdapter.h; sourceTree = "<group>"; };
		9982D00519C2933D00455257 /* VersionUpdateAdapter.m */ = {isa = PBXFileReference; fileEncoding = 4; lastKnownFileType = sourcecode.c.objc; path = VersionUpdateAdapter.m; sourceTree = "<group>"; };
		9982D01019C2D6AC00455257 /* M2RatingRemindManager.h */ = {isa = PBXFileReference; fileEncoding = 4; lastKnownFileType = sourcecode.c.h; path = M2RatingRemindManager.h; sourceTree = "<group>"; };
		9982D01119C2D6AC00455257 /* M2RatingRemindManager.m */ = {isa = PBXFileReference; fileEncoding = 4; lastKnownFileType = sourcecode.c.objc; path = M2RatingRemindManager.m; sourceTree = "<group>"; };
		9982D01219C2D6AC00455257 /* RatingRemindAdapter.h */ = {isa = PBXFileReference; fileEncoding = 4; lastKnownFileType = sourcecode.c.h; path = RatingRemindAdapter.h; sourceTree = "<group>"; };
		9982D01319C2D6AC00455257 /* RatingRemindAdapter.m */ = {isa = PBXFileReference; fileEncoding = 4; lastKnownFileType = sourcecode.c.objc; path = RatingRemindAdapter.m; sourceTree = "<group>"; };
/* End PBXFileReference section */

/* Begin PBXFrameworksBuildPhase section */
		9982CFC319C290B700455257 /* Frameworks */ = {
			isa = PBXFrameworksBuildPhase;
			buildActionMask = 2147483647;
			files = (
				9982CFCC19C290B700455257 /* CoreGraphics.framework in Frameworks */,
				9982CFCE19C290B700455257 /* UIKit.framework in Frameworks */,
				9982CFCA19C290B700455257 /* Foundation.framework in Frameworks */,
			);
			runOnlyForDeploymentPostprocessing = 0;
		};
		9982CFDE19C290B800455257 /* Frameworks */ = {
			isa = PBXFrameworksBuildPhase;
			buildActionMask = 2147483647;
			files = (
				9982CFE319C290B800455257 /* XCTest.framework in Frameworks */,
				9982CFE519C290B800455257 /* UIKit.framework in Frameworks */,
				9982CFE419C290B800455257 /* Foundation.framework in Frameworks */,
			);
			runOnlyForDeploymentPostprocessing = 0;
		};
/* End PBXFrameworksBuildPhase section */

/* Begin PBXGroup section */
		9904478D19C67FCA0062A524 /* 4.广告banner */ = {
			isa = PBXGroup;
			children = (
				9904479019C67FF60062A524 /* M2BannerLifeManager.h */,
				9904479119C67FF60062A524 /* M2BannerLifeManager.m */,
				9904478E19C67FF60062A524 /* BannerAdView.h */,
				9904478F19C67FF60062A524 /* BannerAdView.m */,
			);
			name = "4.广告banner";
			sourceTree = "<group>";
		};
		997C48FD19C80A5A0008B030 /* 3.开屏广告 */ = {
			isa = PBXGroup;
			children = (
				997C490019C80A9A0008B030 /* M2LoadingAdView.h */,
				997C490119C80A9A0008B030 /* M2LoadingAdView.m */,
				997C48FE19C80A9A0008B030 /* LoadingAdViewAdapter.h */,
				997C48FF19C80A9A0008B030 /* LoadingAdViewAdapter.m */,
			);
			name = "3.开屏广告";
			sourceTree = "<group>";
		};
		9982CFBD19C290B700455257 = {
			isa = PBXGroup;
			children = (
				9982CFCF19C290B700455257 /* M2SettingAndAd */,
				9982CFE819C290B800455257 /* M2SettingAndAdTests */,
				9982CFC819C290B700455257 /* Frameworks */,
				9982CFC719C290B700455257 /* Products */,
			);
			sourceTree = "<group>";
		};
		9982CFC719C290B700455257 /* Products */ = {
			isa = PBXGroup;
			children = (
				9982CFC619C290B700455257 /* M2SettingAndAd.app */,
				9982CFE119C290B800455257 /* M2SettingAndAdTests.xctest */,
			);
			name = Products;
			sourceTree = "<group>";
		};
		9982CFC819C290B700455257 /* Frameworks */ = {
			isa = PBXGroup;
			children = (
				9982CFC919C290B700455257 /* Foundation.framework */,
				9982CFCB19C290B700455257 /* CoreGraphics.framework */,
				9982CFCD19C290B700455257 /* UIKit.framework */,
				9982CFE219C290B800455257 /* XCTest.framework */,
			);
			name = Frameworks;
			sourceTree = "<group>";
		};
		9982CFCF19C290B700455257 /* M2SettingAndAd */ = {
			isa = PBXGroup;
			children = (
				9982CFD819C290B800455257 /* AppDelegate.h */,
				9982CFD919C290B800455257 /* AppDelegate.m */,
				9904479419C680380062A524 /* M2SAAWindow.h */,
				9904479519C680380062A524 /* M2SAAWindow.m */,
				9982CFF819C2914300455257 /* RootViewController.h */,
				9982CFF919C2914300455257 /* RootViewController.m */,
				9982CFFB19C2916800455257 /* _tempViewController.h */,
				9982CFFC19C2916800455257 /* _tempViewController.m */,
				9982CFFE19C292B000455257 /* 1.版本检查更新 */,
				9982D00F19C2D67600455257 /* 2.评分提示 */,
				997C48FD19C80A5A0008B030 /* 3.开屏广告 */,
				9904478D19C67FCA0062A524 /* 4.广告banner */,
				9982CFDB19C290B800455257 /* Images.xcassets */,
				9982CFFF19C292C900455257 /* Resources */,
				9982CFD019C290B700455257 /* Supporting Files */,
			);
			path = M2SettingAndAd;
			sourceTree = "<group>";
		};
		9982CFD019C290B700455257 /* Supporting Files */ = {
			isa = PBXGroup;
			children = (
				9982CFD119C290B700455257 /* M2SettingAndAd-Info.plist */,
				9982CFD219C290B700455257 /* InfoPlist.strings */,
				9982CFD519C290B800455257 /* main.m */,
				9982CFD719C290B800455257 /* M2SettingAndAd-Prefix.pch */,
			);
			name = "Supporting Files";
			sourceTree = "<group>";
		};
		9982CFE819C290B800455257 /* M2SettingAndAdTests */ = {
			isa = PBXGroup;
			children = (
				9982CFEE19C290B800455257 /* M2SettingAndAdTests.m */,
				9982CFE919C290B800455257 /* Supporting Files */,
			);
			path = M2SettingAndAdTests;
			sourceTree = "<group>";
		};
		9982CFE919C290B800455257 /* Supporting Files */ = {
			isa = PBXGroup;
			children = (
				9982CFEA19C290B800455257 /* M2SettingAndAdTests-Info.plist */,
				9982CFEB19C290B800455257 /* InfoPlist.strings */,
			);
			name = "Supporting Files";
			sourceTree = "<group>";
		};
		9982CFFE19C292B000455257 /* 1.版本检查更新 */ = {
			isa = PBXGroup;
			children = (
				9982D00119C2933100455257 /* M2VersionUpdateManager.h */,
				9982D00219C2933100455257 /* M2VersionUpdateManager.m */,
				9982D00419C2933D00455257 /* VersionUpdateAdapter.h */,
				9982D00519C2933D00455257 /* VersionUpdateAdapter.m */,
			);
			name = "1.版本检查更新";
			sourceTree = "<group>";
		};
		9982CFFF19C292C900455257 /* Resources */ = {
			isa = PBXGroup;
			children = (
				9982D00019C292C900455257 /* images */,
			);
			path = Resources;
			sourceTree = "<group>";
		};
		9982D00019C292C900455257 /* images */ = {
			isa = PBXGroup;
			children = (
			);
			path = images;
			sourceTree = "<group>";
		};
		9982D00F19C2D67600455257 /* 2.评分提示 */ = {
			isa = PBXGroup;
			children = (
				9982D01019C2D6AC00455257 /* M2RatingRemindManager.h */,
				9982D01119C2D6AC00455257 /* M2RatingRemindManager.m */,
				9982D01219C2D6AC00455257 /* RatingRemindAdapter.h */,
				9982D01319C2D6AC00455257 /* RatingRemindAdapter.m */,
			);
			name = "2.评分提示";
			sourceTree = "<group>";
		};
/* End PBXGroup section */

/* Begin PBXNativeTarget section */
		9982CFC519C290B700455257 /* M2SettingAndAd */ = {
			isa = PBXNativeTarget;
			buildConfigurationList = 9982CFF219C290B800455257 /* Build configuration list for PBXNativeTarget "M2SettingAndAd" */;
			buildPhases = (
				9982CFC219C290B700455257 /* Sources */,
				9982CFC319C290B700455257 /* Frameworks */,
				9982CFC419C290B700455257 /* Resources */,
			);
			buildRules = (
			);
			dependencies = (
			);
			name = M2SettingAndAd;
			productName = M2SettingAndAd;
			productReference = 9982CFC619C290B700455257 /* M2SettingAndAd.app */;
			productType = "com.apple.product-type.application";
		};
		9982CFE019C290B800455257 /* M2SettingAndAdTests */ = {
			isa = PBXNativeTarget;
			buildConfigurationList = 9982CFF519C290B800455257 /* Build configuration list for PBXNativeTarget "M2SettingAndAdTests" */;
			buildPhases = (
				9982CFDD19C290B800455257 /* Sources */,
				9982CFDE19C290B800455257 /* Frameworks */,
				9982CFDF19C290B800455257 /* Resources */,
			);
			buildRules = (
			);
			dependencies = (
				9982CFE719C290B800455257 /* PBXTargetDependency */,
			);
			name = M2SettingAndAdTests;
			productName = M2SettingAndAdTests;
			productReference = 9982CFE119C290B800455257 /* M2SettingAndAdTests.xctest */;
			productType = "com.apple.product-type.bundle.unit-test";
		};
/* End PBXNativeTarget section */

/* Begin PBXProject section */
		9982CFBE19C290B700455257 /* Project object */ = {
			isa = PBXProject;
			attributes = {
				LastUpgradeCheck = 0510;
				ORGANIZATIONNAME = chenms.m2;
				TargetAttributes = {
					9982CFE019C290B800455257 = {
						TestTargetID = 9982CFC519C290B700455257;
					};
				};
			};
			buildConfigurationList = 9982CFC119C290B700455257 /* Build configuration list for PBXProject "M2SettingAndAd" */;
			compatibilityVersion = "Xcode 3.2";
			developmentRegion = English;
			hasScannedForEncodings = 0;
			knownRegions = (
				en,
			);
			mainGroup = 9982CFBD19C290B700455257;
			productRefGroup = 9982CFC719C290B700455257 /* Products */;
			projectDirPath = "";
			projectRoot = "";
			targets = (
				9982CFC519C290B700455257 /* M2SettingAndAd */,
				9982CFE019C290B800455257 /* M2SettingAndAdTests */,
			);
		};
/* End PBXProject section */

/* Begin PBXResourcesBuildPhase section */
		9982CFC419C290B700455257 /* Resources */ = {
			isa = PBXResourcesBuildPhase;
			buildActionMask = 2147483647;
			files = (
				9982CFD419C290B800455257 /* InfoPlist.strings in Resources */,
				9982CFDC19C290B800455257 /* Images.xcassets in Resources */,
			);
			runOnlyForDeploymentPostprocessing = 0;
		};
		9982CFDF19C290B800455257 /* Resources */ = {
			isa = PBXResourcesBuildPhase;
			buildActionMask = 2147483647;
			files = (
				9982CFED19C290B800455257 /* InfoPlist.strings in Resources */,
			);
			runOnlyForDeploymentPostprocessing = 0;
		};
/* End PBXResourcesBuildPhase section */

/* Begin PBXSourcesBuildPhase section */
		9982CFC219C290B700455257 /* Sources */ = {
			isa = PBXSourcesBuildPhase;
			buildActionMask = 2147483647;
			files = (
				9904479319C67FF60062A524 /* M2BannerLifeManager.m in Sources */,
				9982D00319C2933100455257 /* M2VersionUpdateManager.m in Sources */,
				9904479619C680380062A524 /* M2SAAWindow.m in Sources */,
				9982CFFD19C2916800455257 /* _tempViewController.m in Sources */,
				997C490219C80A9A0008B030 /* LoadingAdViewAdapter.m in Sources */,
				997C490319C80A9A0008B030 /* M2LoadingAdView.m in Sources */,
				9982CFDA19C290B800455257 /* AppDelegate.m in Sources */,
				9982D01419C2D6AC00455257 /* M2RatingRemindManager.m in Sources */,
				9982D00619C2933D00455257 /* VersionUpdateAdapter.m in Sources */,
				9982D01519C2D6AC00455257 /* RatingRemindAdapter.m in Sources */,
				9904479219C67FF60062A524 /* BannerAdView.m in Sources */,
				9982CFD619C290B800455257 /* main.m in Sources */,
				9982CFFA19C2914300455257 /* RootViewController.m in Sources */,
			);
			runOnlyForDeploymentPostprocessing = 0;
		};
		9982CFDD19C290B800455257 /* Sources */ = {
			isa = PBXSourcesBuildPhase;
			buildActionMask = 2147483647;
			files = (
				9982CFEF19C290B800455257 /* M2SettingAndAdTests.m in Sources */,
			);
			runOnlyForDeploymentPostprocessing = 0;
		};
/* End PBXSourcesBuildPhase section */

/* Begin PBXTargetDependency section */
		9982CFE719C290B800455257 /* PBXTargetDependency */ = {
			isa = PBXTargetDependency;
			target = 9982CFC519C290B700455257 /* M2SettingAndAd */;
			targetProxy = 9982CFE619C290B800455257 /* PBXContainerItemProxy */;
		};
/* End PBXTargetDependency section */

/* Begin PBXVariantGroup section */
		9982CFD219C290B700455257 /* InfoPlist.strings */ = {
			isa = PBXVariantGroup;
			children = (
				9982CFD319C290B700455257 /* en */,
			);
			name = InfoPlist.strings;
			sourceTree = "<group>";
		};
		9982CFEB19C290B800455257 /* InfoPlist.strings */ = {
			isa = PBXVariantGroup;
			children = (
				9982CFEC19C290B800455257 /* en */,
			);
			name = InfoPlist.strings;
			sourceTree = "<group>";
		};
/* End PBXVariantGroup section */

/* Begin XCBuildConfiguration section */
		9982CFF019C290B800455257 /* Debug */ = {
			isa = XCBuildConfiguration;
			buildSettings = {
				ALWAYS_SEARCH_USER_PATHS = NO;
				CLANG_CXX_LANGUAGE_STANDARD = "gnu++0x";
				CLANG_CXX_LIBRARY = "libc++";
				CLANG_ENABLE_MODULES = YES;
				CLANG_ENABLE_OBJC_ARC = YES;
				CLANG_WARN_BOOL_CONVERSION = YES;
				CLANG_WARN_CONSTANT_CONVERSION = YES;
				CLANG_WARN_DIRECT_OBJC_ISA_USAGE = YES_ERROR;
				CLANG_WARN_EMPTY_BODY = YES;
				CLANG_WARN_ENUM_CONVERSION = YES;
				CLANG_WARN_INT_CONVERSION = YES;
				CLANG_WARN_OBJC_ROOT_CLASS = YES_ERROR;
				CLANG_WARN__DUPLICATE_METHOD_MATCH = YES;
				"CODE_SIGN_IDENTITY[sdk=iphoneos*]" = "iPhone Developer";
				COPY_PHASE_STRIP = NO;
				GCC_C_LANGUAGE_STANDARD = gnu99;
				GCC_DYNAMIC_NO_PIC = NO;
				GCC_OPTIMIZATION_LEVEL = 0;
				GCC_PREPROCESSOR_DEFINITIONS = (
					"DEBUG=1",
					"$(inherited)",
				);
				GCC_SYMBOLS_PRIVATE_EXTERN = NO;
				GCC_WARN_64_TO_32_BIT_CONVERSION = YES;
				GCC_WARN_ABOUT_RETURN_TYPE = YES_ERROR;
				GCC_WARN_UNDECLARED_SELECTOR = YES;
				GCC_WARN_UNINITIALIZED_AUTOS = YES_AGGRESSIVE;
				GCC_WARN_UNUSED_FUNCTION = YES;
				GCC_WARN_UNUSED_VARIABLE = YES;
				IPHONEOS_DEPLOYMENT_TARGET = 6.0;
				ONLY_ACTIVE_ARCH = YES;
				SDKROOT = iphoneos;
				TARGETED_DEVICE_FAMILY = "1,2";
			};
			name = Debug;
		};
		9982CFF119C290B800455257 /* Release */ = {
			isa = XCBuildConfiguration;
			buildSettings = {
				ALWAYS_SEARCH_USER_PATHS = NO;
				CLANG_CXX_LANGUAGE_STANDARD = "gnu++0x";
				CLANG_CXX_LIBRARY = "libc++";
				CLANG_ENABLE_MODULES = YES;
				CLANG_ENABLE_OBJC_ARC = YES;
				CLANG_WARN_BOOL_CONVERSION = YES;
				CLANG_WARN_CONSTANT_CONVERSION = YES;
				CLANG_WARN_DIRECT_OBJC_ISA_USAGE = YES_ERROR;
				CLANG_WARN_EMPTY_BODY = YES;
				CLANG_WARN_ENUM_CONVERSION = YES;
				CLANG_WARN_INT_CONVERSION = YES;
				CLANG_WARN_OBJC_ROOT_CLASS = YES_ERROR;
				CLANG_WARN__DUPLICATE_METHOD_MATCH = YES;
				"CODE_SIGN_IDENTITY[sdk=iphoneos*]" = "iPhone Developer";
				COPY_PHASE_STRIP = YES;
				ENABLE_NS_ASSERTIONS = NO;
				GCC_C_LANGUAGE_STANDARD = gnu99;
				GCC_WARN_64_TO_32_BIT_CONVERSION = YES;
				GCC_WARN_ABOUT_RETURN_TYPE = YES_ERROR;
				GCC_WARN_UNDECLARED_SELECTOR = YES;
				GCC_WARN_UNINITIALIZED_AUTOS = YES_AGGRESSIVE;
				GCC_WARN_UNUSED_FUNCTION = YES;
				GCC_WARN_UNUSED_VARIABLE = YES;
				IPHONEOS_DEPLOYMENT_TARGET = 6.0;
				SDKROOT = iphoneos;
				TARGETED_DEVICE_FAMILY = "1,2";
				VALIDATE_PRODUCT = YES;
			};
			name = Release;
		};
		9982CFF319C290B800455257 /* Debug */ = {
			isa = XCBuildConfiguration;
			buildSettings = {
				ASSETCATALOG_COMPILER_APPICON_NAME = AppIcon;
				ASSETCATALOG_COMPILER_LAUNCHIMAGE_NAME = LaunchImage;
				GCC_PRECOMPILE_PREFIX_HEADER = YES;
				GCC_PREFIX_HEADER = "M2SettingAndAd/M2SettingAndAd-Prefix.pch";
				INFOPLIST_FILE = "M2SettingAndAd/M2SettingAndAd-Info.plist";
				PRODUCT_NAME = "$(TARGET_NAME)";
				WRAPPER_EXTENSION = app;
			};
			name = Debug;
		};
		9982CFF419C290B800455257 /* Release */ = {
			isa = XCBuildConfiguration;
			buildSettings = {
				ASSETCATALOG_COMPILER_APPICON_NAME = AppIcon;
				ASSETCATALOG_COMPILER_LAUNCHIMAGE_NAME = LaunchImage;
				GCC_PRECOMPILE_PREFIX_HEADER = YES;
				GCC_PREFIX_HEADER = "M2SettingAndAd/M2SettingAndAd-Prefix.pch";
				INFOPLIST_FILE = "M2SettingAndAd/M2SettingAndAd-Info.plist";
				PRODUCT_NAME = "$(TARGET_NAME)";
				WRAPPER_EXTENSION = app;
			};
			name = Release;
		};
		9982CFF619C290B800455257 /* Debug */ = {
			isa = XCBuildConfiguration;
			buildSettings = {
				BUNDLE_LOADER = "$(BUILT_PRODUCTS_DIR)/M2SettingAndAd.app/M2SettingAndAd";
				FRAMEWORK_SEARCH_PATHS = (
					"$(SDKROOT)/Developer/Library/Frameworks",
					"$(inherited)",
					"$(DEVELOPER_FRAMEWORKS_DIR)",
				);
				GCC_PRECOMPILE_PREFIX_HEADER = YES;
				GCC_PREFIX_HEADER = "M2SettingAndAd/M2SettingAndAd-Prefix.pch";
				GCC_PREPROCESSOR_DEFINITIONS = (
					"DEBUG=1",
					"$(inherited)",
				);
				INFOPLIST_FILE = "M2SettingAndAdTests/M2SettingAndAdTests-Info.plist";
				PRODUCT_NAME = "$(TARGET_NAME)";
				TEST_HOST = "$(BUNDLE_LOADER)";
				WRAPPER_EXTENSION = xctest;
			};
			name = Debug;
		};
		9982CFF719C290B800455257 /* Release */ = {
			isa = XCBuildConfiguration;
			buildSettings = {
				BUNDLE_LOADER = "$(BUILT_PRODUCTS_DIR)/M2SettingAndAd.app/M2SettingAndAd";
				FRAMEWORK_SEARCH_PATHS = (
					"$(SDKROOT)/Developer/Library/Frameworks",
					"$(inherited)",
					"$(DEVELOPER_FRAMEWORKS_DIR)",
				);
				GCC_PRECOMPILE_PREFIX_HEADER = YES;
				GCC_PREFIX_HEADER = "M2SettingAndAd/M2SettingAndAd-Prefix.pch";
				INFOPLIST_FILE = "M2SettingAndAdTests/M2SettingAndAdTests-Info.plist";
				PRODUCT_NAME = "$(TARGET_NAME)";
				TEST_HOST = "$(BUNDLE_LOADER)";
				WRAPPER_EXTENSION = xctest;
			};
			name = Release;
		};
/* End XCBuildConfiguration section */

/* Begin XCConfigurationList section */
		9982CFC119C290B700455257 /* Build configuration list for PBXProject "M2SettingAndAd" */ = {
			isa = XCConfigurationList;
			buildConfigurations = (
				9982CFF019C290B800455257 /* Debug */,
				9982CFF119C290B800455257 /* Release */,
			);
			defaultConfigurationIsVisible = 0;
			defaultConfigurationName = Release;
		};
		9982CFF219C290B800455257 /* Build configuration list for PBXNativeTarget "M2SettingAndAd" */ = {
			isa = XCConfigurationList;
			buildConfigurations = (
				9982CFF319C290B800455257 /* Debug */,
				9982CFF419C290B800455257 /* Release */,
			);
			defaultConfigurationIsVisible = 0;
			defaultConfigurationName = Release;
		};
		9982CFF519C290B800455257 /* Build configuration list for PBXNativeTarget "M2SettingAndAdTests" */ = {
			isa = XCConfigurationList;
			buildConfigurations = (
				9982CFF619C290B800455257 /* Debug */,
				9982CFF719C290B800455257 /* Release */,
			);
			defaultConfigurationIsVisible = 0;
			defaultConfigurationName = Release;
		};
/* End XCConfigurationList section */
	};
	rootObject = 9982CFBE19C290B700455257 /* Project object */;
}
